
Microsoft Visual Studio Solution File, Format Version 12.00
# Visual Studio 15
VisualStudioVersion = 15.0.26403.7
MinimumVisualStudioVersion = 10.0.40219.1
Project("{FAE04EC0-301F-11D3-BF4B-00C04F79EFBC}") = "Stat", "Stat\Stat.csproj", "{C6D45CE8-C12B-4226-8D7F-E8933DA7DD6D}"
EndProject
Project("{FAE04EC0-301F-11D3-BF4B-00C04F79EFBC}") = "Services", "Services\Services.csproj", "{1AD2004E-0C98-4654-95F8-C3E614DBE833}"
EndProject
Project("{FAE04EC0-301F-11D3-BF4B-00C04F79EFBC}") = "Models", "Models\Models.csproj", "{06285E4B-4DCF-45F1-9266-34668C4C1D9C}"
EndProject
Project("{FAE04EC0-301F-11D3-BF4B-00C04F79EFBC}") = "Data", "Data\Data.csproj", "{AFA1D5A1-1210-4FDD-9584-DCB9FCCE3FC9}"
EndProject
Global
	GlobalSection(SolutionConfigurationPlatforms) = preSolution
		Debug|Any CPU = Debug|Any CPU
		Release|Any CPU = Release|Any CPU
	EndGlobalSection
	GlobalSection(ProjectConfigurationPlatforms) = postSolution
		{C6D45CE8-C12B-4226-8D7F-E8933DA7DD6D}.Debug|Any CPU.ActiveCfg = Debug|Any CPU
		{C6D45CE8-C12B-4226-8D7F-E8933DA7DD6D}.Debug|Any CPU.Build.0 = Debug|Any CPU
		{C6D45CE8-C12B-4226-8D7F-E8933DA7DD6D}.Release|Any CPU.ActiveCfg = Release|Any CPU
		{C6D45CE8-C12B-4226-8D7F-E8933DA7DD6D}.Release|Any CPU.Build.0 = Release|Any CPU
		{1AD2004E-0C98-4654-95F8-C3E614DBE833}.Debug|Any CPU.ActiveCfg = Debug|Any CPU
		{1AD2004E-0C98-4654-95F8-C3E614DBE833}.Debug|Any CPU.Build.0 = Debug|Any CPU
		{1AD2004E-0C98-4654-95F8-C3E614DBE833}.Release|Any CPU.ActiveCfg = Release|Any CPU
		{1AD2004E-0C98-4654-95F8-C3E614DBE833}.Release|Any CPU.Build.0 = Release|Any CPU
		{06285E4B-4DCF-45F1-9266-34668C4C1D9C}.Debug|Any CPU.ActiveCfg = Debug|Any CPU
		{06285E4B-4DCF-45F1-9266-34668C4C1D9C}.Debug|Any CPU.Build.0 = Debug|Any CPU
		{06285E4B-4DCF-45F1-9266-34668C4C1D9C}.Release|Any CPU.ActiveCfg = Release|Any CPU
		{06285E4B-4DCF-45F1-9266-34668C4C1D9C}.Release|Any CPU.Build.0 = Release|Any CPU
		{AFA1D5A1-1210-4FDD-9584-DCB9FCCE3FC9}.Debug|Any CPU.ActiveCfg = Debug|Any CPU
		{AFA1D5A1-1210-4FDD-9584-DCB9FCCE3FC9}.Debug|Any CPU.Build.0 = Debug|Any CPU
		{AFA1D5A1-1210-4FDD-9584-DCB9FCCE3FC9}.Release|Any CPU.ActiveCfg = Release|Any CPU
		{AFA1D5A1-1210-4FDD-9584-DCB9FCCE3FC9}.Release|Any CPU.Build.0 = Release|Any CPU
	EndGlobalSection
	GlobalSection(SolutionProperties) = preSolution
		HideSolutionNode = FALSE
	EndGlobalSection
EndGlobal
